
Microsoft Visual Studio Solution File, Format Version 12.00
# Visual Studio 15
VisualStudioVersion = 15.0.26430.14
MinimumVisualStudioVersion = 10.0.40219.1
Project("{F184B08F-C81C-45F6-A57F-5ABD9991F28F}") = "11134 Cogent_MPG-Expert_OLDCode", "11134 Cogent_MPG-Expert_OLDCode.vbproj", "{353C1073-D49F-4294-BC14-25C69329DF5D}"
	ProjectSection(ProjectDependencies) = postProject
		{CEFC1784-833A-4E27-BAE0-429295FED4B5} = {CEFC1784-833A-4E27-BAE0-429295FED4B5}
	EndProjectSection
EndProject
Project("{FAE04EC0-301F-11D3-BF4B-00C04F79EFBC}") = "ABCommunication", "..\ABCommunication\ABCommunication.csproj", "{CEFC1784-833A-4E27-BAE0-429295FED4B5}"
EndProject
Project("{F184B08F-C81C-45F6-A57F-5ABD9991F28F}") = "11134 Cogent_MPG-Expert", "..\11134 Cogent_MPG-Expert\11134 Cogent_MPG-Expert.vbproj", "{F7298F64-A798-4658-BDF6-510941635D5B}"
EndProject
Global
	GlobalSection(SolutionConfigurationPlatforms) = preSolution
		Debug|Any CPU = Debug|Any CPU
		Debug|Mixed Platforms = Debug|Mixed Platforms
		Debug|x86 = Debug|x86
		Release|Any CPU = Release|Any CPU
		Release|Mixed Platforms = Release|Mixed Platforms
		Release|x86 = Release|x86
	EndGlobalSection
	GlobalSection(ProjectConfigurationPlatforms) = postSolution
		{353C1073-D49F-4294-BC14-25C69329DF5D}.Debug|Any CPU.ActiveCfg = Debug|Any CPU
		{353C1073-D49F-4294-BC14-25C69329DF5D}.Debug|Any CPU.Build.0 = Debug|Any CPU
		{353C1073-D49F-4294-BC14-25C69329DF5D}.Debug|Mixed Platforms.ActiveCfg = Debug|Any CPU
		{353C1073-D49F-4294-BC14-25C69329DF5D}.Debug|Mixed Platforms.Build.0 = Debug|Any CPU
		{353C1073-D49F-4294-BC14-25C69329DF5D}.Debug|x86.ActiveCfg = Debug|x86
		{353C1073-D49F-4294-BC14-25C69329DF5D}.Debug|x86.Build.0 = Debug|x86
		{353C1073-D49F-4294-BC14-25C69329DF5D}.Release|Any CPU.ActiveCfg = Release|Any CPU
		{353C1073-D49F-4294-BC14-25C69329DF5D}.Release|Any CPU.Build.0 = Release|Any CPU
		{353C1073-D49F-4294-BC14-25C69329DF5D}.Release|Mixed Platforms.ActiveCfg = Release|x86
		{353C1073-D49F-4294-BC14-25C69329DF5D}.Release|Mixed Platforms.Build.0 = Release|x86
		{353C1073-D49F-4294-BC14-25C69329DF5D}.Release|x86.ActiveCfg = Release|x86
		{353C1073-D49F-4294-BC14-25C69329DF5D}.Release|x86.Build.0 = Release|x86
		{CEFC1784-833A-4E27-BAE0-429295FED4B5}.Debug|Any CPU.ActiveCfg = Debug|Any CPU
		{CEFC1784-833A-4E27-BAE0-429295FED4B5}.Debug|Any CPU.Build.0 = Debug|Any CPU
		{CEFC1784-833A-4E27-BAE0-429295FED4B5}.Debug|Mixed Platforms.ActiveCfg = Debug|Any CPU
		{CEFC1784-833A-4E27-BAE0-429295FED4B5}.Debug|Mixed Platforms.Build.0 = Debug|Any CPU
		{CEFC1784-833A-4E27-BAE0-429295FED4B5}.Debug|x86.ActiveCfg = Debug|Any CPU
		{CEFC1784-833A-4E27-BAE0-429295FED4B5}.Debug|x86.Build.0 = Debug|Any CPU
		{CEFC1784-833A-4E27-BAE0-429295FED4B5}.Release|Any CPU.ActiveCfg = Release|Any CPU
		{CEFC1784-833A-4E27-BAE0-429295FED4B5}.Release|Any CPU.Build.0 = Release|Any CPU
		{CEFC1784-833A-4E27-BAE0-429295FED4B5}.Release|Mixed Platforms.ActiveCfg = Release|Any CPU
		{CEFC1784-833A-4E27-BAE0-429295FED4B5}.Release|Mixed Platforms.Build.0 = Release|Any CPU
		{CEFC1784-833A-4E27-BAE0-429295FED4B5}.Release|x86.ActiveCfg = Release|Any CPU
		{CEFC1784-833A-4E27-BAE0-429295FED4B5}.Release|x86.Build.0 = Release|Any CPU
		{F7298F64-A798-4658-BDF6-510941635D5B}.Debug|Any CPU.ActiveCfg = Debug|Any CPU
		{F7298F64-A798-4658-BDF6-510941635D5B}.Debug|Any CPU.Build.0 = Debug|Any CPU
		{F7298F64-A798-4658-BDF6-510941635D5B}.Debug|Mixed Platforms.ActiveCfg = Debug|x86
		{F7298F64-A798-4658-BDF6-510941635D5B}.Debug|Mixed Platforms.Build.0 = Debug|x86
		{F7298F64-A798-4658-BDF6-510941635D5B}.Debug|x86.ActiveCfg = Debug|x86
		{F7298F64-A798-4658-BDF6-510941635D5B}.Debug|x86.Build.0 = Debug|x86
		{F7298F64-A798-4658-BDF6-510941635D5B}.Release|Any CPU.ActiveCfg = Release|Any CPU
		{F7298F64-A798-4658-BDF6-510941635D5B}.Release|Any CPU.Build.0 = Release|Any CPU
		{F7298F64-A798-4658-BDF6-510941635D5B}.Release|Mixed Platforms.ActiveCfg = Release|x86
		{F7298F64-A798-4658-BDF6-510941635D5B}.Release|Mixed Platforms.Build.0 = Release|x86
		{F7298F64-A798-4658-BDF6-510941635D5B}.Release|x86.ActiveCfg = Release|x86
		{F7298F64-A798-4658-BDF6-510941635D5B}.Release|x86.Build.0 = Release|x86
	EndGlobalSection
	GlobalSection(SolutionProperties) = preSolution
		HideSolutionNode = FALSE
	EndGlobalSection
	GlobalSection(SubversionScc) = preSolution
		Svn-Managed = True
		Manager = AnkhSVN - Subversion Support for Visual Studio
	EndGlobalSection
EndGlobal
